
Microsoft Visual Studio Solution File, Format Version 12.00
# Visual Studio 15
VisualStudioVersion = 15.0.27130.2020
MinimumVisualStudioVersion = 10.0.40219.1
Project("{FAE04EC0-301F-11D3-BF4B-00C04F79EFBC}") = "livretas", "livretas\livretas.csproj", "{1DD829FE-03B9-477B-A021-8D3EF72D1218}"
EndProject
Global
	GlobalSection(SolutionConfigurationPlatforms) = preSolution
		Debug|Any CPU = Debug|Any CPU
		Release|Any CPU = Release|Any CPU
	EndGlobalSection
	GlobalSection(ProjectConfigurationPlatforms) = postSolution
		{1DD829FE-03B9-477B-A021-8D3EF72D1218}.Debug|Any CPU.ActiveCfg = Debug|Any CPU
		{1DD829FE-03B9-477B-A021-8D3EF72D1218}.Debug|Any CPU.Build.0 = Debug|Any CPU
		{1DD829FE-03B9-477B-A021-8D3EF72D1218}.Release|Any CPU.ActiveCfg = Release|Any CPU
		{1DD829FE-03B9-477B-A021-8D3EF72D1218}.Release|Any CPU.Build.0 = Release|Any CPU
	EndGlobalSection
	GlobalSection(SolutionProperties) = preSolution
		HideSolutionNode = FALSE
	EndGlobalSection
	GlobalSection(ExtensibilityGlobals) = postSolution
		SolutionGuid = {7A8BE7AE-551A-4878-BAEF-3CECA4076FA1}
	EndGlobalSection
EndGlobal
